Microsoft Visual Studio Solution File, Format Version 12.00
# Visual Studio Version 17
Project("{FAE04EC0-301F-11D3-BF4B-00C04F79EFBC}") = "Stoolap", "src\Stoolap\Stoolap.csproj", "{1A0D9F0A-3E6B-4F1B-9F61-1B9E5C7E8F01}"
EndProject
Project("{FAE04EC0-301F-11D3-BF4B-00C04F79EFBC}") = "Stoolap.Tests", "tests\Stoolap.Tests\Stoolap.Tests.csproj", "{2B1D9F0A-3E6B-4F1B-9F61-1B9E5C7E8F02}"
EndProject
Global
	GlobalSection(SolutionConfigurationPlatforms) = preSolution
		Debug|Any CPU = Debug|Any CPU
		Release|Any CPU = Release|Any CPU
	EndGlobalSection
	GlobalSection(ProjectConfigurationPlatforms) = postSolution
		{1A0D9F0A-3E6B-4F1B-9F61-1B9E5C7E8F01}.Debug|Any CPU.ActiveCfg = Debug|Any CPU
		{1A0D9F0A-3E6B-4F1B-9F61-1B9E5C7E8F01}.Debug|Any CPU.Build.0 = Debug|Any CPU
		{1A0D9F0A-3E6B-4F1B-9F61-1B9E5C7E8F01}.Release|Any CPU.ActiveCfg = Release|Any CPU
		{1A0D9F0A-3E6B-4F1B-9F61-1B9E5C7E8F01}.Release|Any CPU.Build.0 = Release|Any CPU
		{2B1D9F0A-3E6B-4F1B-9F61-1B9E5C7E8F02}.Debug|Any CPU.ActiveCfg = Debug|Any CPU
		{2B1D9F0A-3E6B-4F1B-9F61-1B9E5C7E8F02}.Debug|Any CPU.Build.0 = Debug|Any CPU
		{2B1D9F0A-3E6B-4F1B-9F61-1B9E5C7E8F02}.Release|Any CPU.ActiveCfg = Release|Any CPU
		{2B1D9F0A-3E6B-4F1B-9F61-1B9E5C7E8F02}.Release|Any CPU.Build.0 = Release|Any CPU
	EndGlobalSection
EndGlobal
